{
    "_readme": [
        "This file locks the dependencies of your project to a known state",
        "Read more about it at https://getcomposer.org/doc/01-basic-usage.md#installing-dependencies",
        "This file is @generated automatically"
    ],
    "content-hash": "0796acdd82ab8fb7663788dc6e8d928d",
    "packages": [
        {
            "name": "php-flasher/flasher",
            "version": "v1.1.0",
            "source": {
                "type": "git",
                "url": "https://github.com/php-flasher/flasher.git",
                "reference": "094ca843e3e24a4e003930c358d8b7ccdecc40a7"
            },
            "dist": {
                "type": "zip",
                "url": "https://api.github.com/repos/php-flasher/flasher/zipball/094ca843e3e24a4e003930c358d8b7ccdecc40a7",
                "reference": "094ca843e3e24a4e003930c358d8b7ccdecc40a7",
                "shasum": ""
            },
            "require": {
                "php": ">=5.3"
            },
            "type": "library",
            "autoload": {
                "psr-4": {
                    "Flasher\\Prime\\": ""
                }
            },
            "notification-url": "https://packagist.org/downloads/",
            "license": [
                "MIT"
            ],
            "authors": [
                {
                    "name": "Younes KHOUBZA",
                    "email": "younes.khoubza@gmail.com",
                    "homepage": "https://www.linkedin.com/in/younes-khoubza",
                    "role": "Developer"
                }
            ],
            "description": "A powerful and flexible flash notification system for PHP",
            "homepage": "https://php-flasher.io",
            "keywords": [
                "Flasher",
                "alerts",
                "flash",
                "laravel",
                "lumen",
                "messages",
                "notifications",
                "notify",
                "noty",
                "notyf",
                "php",
                "pnotify",
                "sweet alert",
                "symfony",
                "toastr"
            ],
            "support": {
                "issues": "https://github.com/php-flasher/flasher/issues",
                "source": "https://github.com/php-flasher/flasher/tree/v1.1.0"
            },
            "funding": [
                {
                    "url": "https://www.paypal.com/paypalme/yoeunes",
                    "type": "custom"
                },
                {
                    "url": "https://ko-fi.com/yoeunes",
                    "type": "ko_fi"
                },
                {
                    "url": "https://opencollective.com/php-flasher",
                    "type": "open_collective"
                },
                {
                    "url": "https://www.patreon.com/yoeunes",
                    "type": "patreon"
                }
            ],
            "time": "2022-05-28T16:21:19+00:00"
        },
        {
            "name": "php-flasher/flasher-cli",
            "version": "v1.1.0",
            "source": {
                "type": "git",
                "url": "https://github.com/php-flasher/flasher-cli.git",
                "reference": "88661eceefed698115e8439d656887adff0665dc"
            },
            "dist": {
                "type": "zip",
                "url": "https://api.github.com/repos/php-flasher/flasher-cli/zipball/88661eceefed698115e8439d656887adff0665dc",
                "reference": "88661eceefed698115e8439d656887adff0665dc",
                "shasum": ""
            },
            "require": {
                "ext-mbstring": "*",
                "php": ">=5.3",
                "php-flasher/flasher": "^1.1"
            },
            "type": "library",
            "autoload": {
                "psr-4": {
                    "Flasher\\Cli\\Prime\\": ""
                }
            },
            "notification-url": "https://packagist.org/downloads/",
            "license": [
                "MIT"
            ],
            "authors": [
                {
                    "name": "Younes KHOUBZA",
                    "email": "younes.khoubza@gmail.com",
                    "homepage": "https://www.linkedin.com/in/younes-khoubza",
                    "role": "Developer"
                }
            ],
            "description": "PHP Flasher adapter for Cli Console Terminal",
            "homepage": "https://php-flasher.io",
            "keywords": [
                "alerts",
                "cli",
                "console",
                "laravel",
                "lumen",
                "messages",
                "notifications",
                "notify",
                "php",
                "pnotify",
                "symfony",
                "terminal"
            ],
            "support": {
                "issues": "https://github.com/php-flasher/flasher-cli/issues",
                "source": "https://github.com/php-flasher/flasher-cli/tree/v1.1.0"
            },
            "funding": [
                {
                    "url": "https://www.paypal.com/paypalme/yoeunes",
                    "type": "custom"
                },
                {
                    "url": "https://ko-fi.com/yoeunes",
                    "type": "ko_fi"
                },
                {
                    "url": "https://opencollective.com/php-flasher",
                    "type": "open_collective"
                },
                {
                    "url": "https://www.patreon.com/yoeunes",
                    "type": "patreon"
                }
            ],
            "time": "2022-05-28T16:33:08+00:00"
        },
        {
            "name": "php-flasher/flasher-noty",
            "version": "v1.1.0",
            "source": {
                "type": "git",
                "url": "https://github.com/php-flasher/flasher-noty.git",
                "reference": "90b5456a253b4733b684221ccd6567f5b2847bf0"
            },
            "dist": {
                "type": "zip",
                "url": "https://api.github.com/repos/php-flasher/flasher-noty/zipball/90b5456a253b4733b684221ccd6567f5b2847bf0",
                "reference": "90b5456a253b4733b684221ccd6567f5b2847bf0",
                "shasum": ""
            },
            "require": {
                "php": ">=5.3",
                "php-flasher/flasher": "^1.1"
            },
            "type": "library",
            "autoload": {
                "psr-4": {
                    "Flasher\\Noty\\Prime\\": ""
                }
            },
            "notification-url": "https://packagist.org/downloads/",
            "license": [
                "MIT"
            ],
            "authors": [
                {
                    "name": "Younes KHOUBZA",
                    "email": "younes.khoubza@gmail.com",
                    "homepage": "https://www.linkedin.com/in/younes-khoubza",
                    "role": "Developer"
                }
            ],
            "description": "PHP Flasher adapter for Noty",
            "homepage": "https://php-flasher.io",
            "keywords": [
                "alerts",
                "laravel",
                "lumen",
                "messages",
                "notifications",
                "notify",
                "noty",
                "php",
                "pnotify",
                "symfony"
            ],
            "support": {
                "issues": "https://github.com/php-flasher/flasher-noty/issues",
                "source": "https://github.com/php-flasher/flasher-noty/tree/v1.1.0"
            },
            "funding": [
                {
                    "url": "https://www.paypal.com/paypalme/yoeunes",
                    "type": "custom"
                },
                {
                    "url": "https://ko-fi.com/yoeunes",
                    "type": "ko_fi"
                },
                {
                    "url": "https://opencollective.com/php-flasher",
                    "type": "open_collective"
                },
                {
                    "url": "https://www.patreon.com/yoeunes",
                    "type": "patreon"
                }
            ],
            "time": "2022-05-28T16:33:08+00:00"
        },
        {
            "name": "php-flasher/flasher-notyf",
            "version": "v1.1.0",
            "source": {
                "type": "git",
                "url": "https://github.com/php-flasher/flasher-notyf.git",
                "reference": "48f952a5568927f7a8707da4cfaef8a67e5f0b9a"
            },
            "dist": {
                "type": "zip",
                "url": "https://api.github.com/repos/php-flasher/flasher-notyf/zipball/48f952a5568927f7a8707da4cfaef8a67e5f0b9a",
                "reference": "48f952a5568927f7a8707da4cfaef8a67e5f0b9a",
                "shasum": ""
            },
            "require": {
                "php": ">=5.3",
                "php-flasher/flasher": "^1.1"
            },
            "type": "library",
            "autoload": {
                "psr-4": {
                    "Flasher\\Notyf\\Prime\\": ""
                }
            },
            "notification-url": "https://packagist.org/downloads/",
            "license": [
                "MIT"
            ],
            "authors": [
                {
                    "name": "Younes KHOUBZA",
                    "email": "younes.khoubza@gmail.com",
                    "homepage": "https://www.linkedin.com/in/younes-khoubza",
                    "role": "Developer"
                }
            ],
            "description": "PHP Flasher adapter for Notyf",
            "homepage": "https://php-flasher.io",
            "keywords": [
                "alerts",
                "laravel",
                "lumen",
                "messages",
                "notifications",
                "notify",
                "notyf",
                "php",
                "pnotify",
                "sweet alert",
                "symfony"
            ],
            "support": {
                "issues": "https://github.com/php-flasher/flasher-notyf/issues",
                "source": "https://github.com/php-flasher/flasher-notyf/tree/v1.1.0"
            },
            "funding": [
                {
                    "url": "https://www.paypal.com/paypalme/yoeunes",
                    "type": "custom"
                },
                {
                    "url": "https://ko-fi.com/yoeunes",
                    "type": "ko_fi"
                },
                {
                    "url": "https://opencollective.com/php-flasher",
                    "type": "open_collective"
                },
                {
                    "url": "https://www.patreon.com/yoeunes",
                    "type": "patreon"
                }
            ],
            "time": "2022-05-28T16:33:08+00:00"
        },
        {
            "name": "php-flasher/flasher-pnotify",
            "version": "v1.1.0",
            "source": {
                "type": "git",
                "url": "https://github.com/php-flasher/flasher-pnotify.git",
                "reference": "9cc35f11f7b3354a636ddb0b51093d415bc2f5c4"
            },
            "dist": {
                "type": "zip",
                "url": "https://api.github.com/repos/php-flasher/flasher-pnotify/zipball/9cc35f11f7b3354a636ddb0b51093d415bc2f5c4",
                "reference": "9cc35f11f7b3354a636ddb0b51093d415bc2f5c4",
                "shasum": ""
            },
            "require": {
                "php": ">=5.3",
                "php-flasher/flasher": "^1.1"
            },
            "type": "library",
            "autoload": {
                "psr-4": {
                    "Flasher\\Pnotify\\Prime\\": ""
                }
            },
            "notification-url": "https://packagist.org/downloads/",
            "license": [
                "MIT"
            ],
            "authors": [
                {
                    "name": "Younes KHOUBZA",
                    "email": "younes.khoubza@gmail.com",
                    "homepage": "https://www.linkedin.com/in/younes-khoubza",
                    "role": "Developer"
                }
            ],
            "description": "PHP Flasher adapter for Pnotify",
            "homepage": "https://php-flasher.io",
            "keywords": [
                "alerts",
                "laravel",
                "lumen",
                "messages",
                "notifications",
                "notify",
                "php",
                "pnotify",
                "sweet alert",
                "symfony",
                "toastr"
            ],
            "support": {
                "issues": "https://github.com/php-flasher/flasher-pnotify/issues",
                "source": "https://github.com/php-flasher/flasher-pnotify/tree/v1.1.0"
            },
            "funding": [
                {
                    "url": "https://www.paypal.com/paypalme/yoeunes",
                    "type": "custom"
                },
                {
                    "url": "https://ko-fi.com/yoeunes",
                    "type": "ko_fi"
                },
                {
                    "url": "https://opencollective.com/php-flasher",
                    "type": "open_collective"
                },
                {
                    "url": "https://www.patreon.com/yoeunes",
                    "type": "patreon"
                }
            ],
            "time": "2022-05-28T16:33:08+00:00"
        },
        {
            "name": "php-flasher/flasher-sweetalert",
            "version": "v1.1.0",
            "source": {
                "type": "git",
                "url": "https://github.com/php-flasher/flasher-sweetalert.git",
                "reference": "ea5f458342c3c749e44c3523e186083ce19ef820"
            },
            "dist": {
                "type": "zip",
                "url": "https://api.github.com/repos/php-flasher/flasher-sweetalert/zipball/ea5f458342c3c749e44c3523e186083ce19ef820",
                "reference": "ea5f458342c3c749e44c3523e186083ce19ef820",
                "shasum": ""
            },
            "require": {
                "php": ">=5.3",
                "php-flasher/flasher": "^1.1"
            },
            "type": "library",
            "autoload": {
                "psr-4": {
                    "Flasher\\SweetAlert\\Prime\\": ""
                }
            },
            "notification-url": "https://packagist.org/downloads/",
            "license": [
                "MIT"
            ],
            "authors": [
                {
                    "name": "Younes KHOUBZA",
                    "email": "younes.khoubza@gmail.com",
                    "homepage": "https://www.linkedin.com/in/younes-khoubza",
                    "role": "Developer"
                }
            ],
            "description": "PHP Flasher adapter for Sweet Alert 2",
            "homepage": "https://php-flasher.io",
            "keywords": [
                "alerts",
                "laravel",
                "lumen",
                "messages",
                "notifications",
                "notify",
                "php",
                "pnotify",
                "sweetalert",
                "symfony"
            ],
            "support": {
                "issues": "https://github.com/php-flasher/flasher-sweetalert/issues",
                "source": "https://github.com/php-flasher/flasher-sweetalert/tree/v1.1.0"
            },
            "funding": [
                {
                    "url": "https://www.paypal.com/paypalme/yoeunes",
                    "type": "custom"
                },
                {
                    "url": "https://ko-fi.com/yoeunes",
                    "type": "ko_fi"
                },
                {
                    "url": "https://opencollective.com/php-flasher",
                    "type": "open_collective"
                },
                {
                    "url": "https://www.patreon.com/yoeunes",
                    "type": "patreon"
                }
            ],
            "time": "2022-05-28T16:33:08+00:00"
        },
        {
            "name": "php-flasher/flasher-toastr",
            "version": "v1.1.0",
            "source": {
                "type": "git",
                "url": "https://github.com/php-flasher/flasher-toastr.git",
                "reference": "aff714807cc3ff813a2a457af8b4e344aeb64a03"
            },
            "dist": {
                "type": "zip",
                "url": "https://api.github.com/repos/php-flasher/flasher-toastr/zipball/aff714807cc3ff813a2a457af8b4e344aeb64a03",
                "reference": "aff714807cc3ff813a2a457af8b4e344aeb64a03",
                "shasum": ""
            },
            "require": {
                "php": ">=5.3",
                "php-flasher/flasher": "^1.1"
            },
            "type": "library",
            "autoload": {
                "psr-4": {
                    "Flasher\\Toastr\\Prime\\": ""
                }
            },
            "notification-url": "https://packagist.org/downloads/",
            "license": [
                "MIT"
            ],
            "authors": [
                {
                    "name": "Younes KHOUBZA",
                    "email": "younes.khoubza@gmail.com",
                    "homepage": "https://www.linkedin.com/in/younes-khoubza",
                    "role": "Developer"
                }
            ],
            "description": "PHP Flasher adapter for Toastr",
            "homepage": "https://php-flasher.io",
            "keywords": [
                "alerts",
                "laravel",
                "lumen",
                "messages",
                "notifications",
                "notify",
                "php",
                "pnotify",
                "symfony",
                "toastr"
            ],
            "support": {
                "issues": "https://github.com/php-flasher/flasher-toastr/issues",
                "source": "https://github.com/php-flasher/flasher-toastr/tree/v1.1.0"
            },
            "funding": [
                {
                    "url": "https://www.paypal.com/paypalme/yoeunes",
                    "type": "custom"
                },
                {
                    "url": "https://ko-fi.com/yoeunes",
                    "type": "ko_fi"
                },
                {
                    "url": "https://opencollective.com/php-flasher",
                    "type": "open_collective"
                },
                {
                    "url": "https://www.patreon.com/yoeunes",
                    "type": "patreon"
                }
            ],
            "time": "2022-05-28T16:33:08+00:00"
        },
        {
            "name": "php-flasher/php-pack",
            "version": "v1.1.0",
            "source": {
                "type": "git",
                "url": "https://github.com/php-flasher/php-pack.git",
                "reference": "abbf47555321f407fac80c25841c0ae5b79beed0"
            },
            "dist": {
                "type": "zip",
                "url": "https://api.github.com/repos/php-flasher/php-pack/zipball/abbf47555321f407fac80c25841c0ae5b79beed0",
                "reference": "abbf47555321f407fac80c25841c0ae5b79beed0",
                "shasum": ""
            },
            "require": {
                "php-flasher/flasher-cli": "*",
                "php-flasher/flasher-noty": "*",
                "php-flasher/flasher-notyf": "*",
                "php-flasher/flasher-pnotify": "*",
                "php-flasher/flasher-sweetalert": "*",
                "php-flasher/flasher-toastr": "*"
            },
            "type": "flasher-pack",
            "notification-url": "https://packagist.org/downloads/",
            "license": [
                "MIT"
            ],
            "authors": [
                {
                    "name": "Younes KHOUBZA",
                    "email": "younes.khoubza@gmail.com",
                    "homepage": "https://www.linkedin.com/in/younes-khoubza",
                    "role": "Developer"
                }
            ],
            "description": "A pack for PHP",
            "support": {
                "issues": "https://github.com/php-flasher/php-pack/issues",
                "source": "https://github.com/php-flasher/php-pack/tree/v1.1.0"
            },
            "funding": [
                {
                    "url": "https://www.paypal.com/paypalme/yoeunes",
                    "type": "custom"
                },
                {
                    "url": "https://ko-fi.com/yoeunes",
                    "type": "ko_fi"
                },
                {
                    "url": "https://opencollective.com/php-flasher",
                    "type": "open_collective"
                },
                {
                    "url": "https://www.patreon.com/yoeunes",
                    "type": "patreon"
                }
            ],
            "time": "2022-05-16T07:18:15+00:00"
        }
    ],
    "packages-dev": [],
    "aliases": [],
    "minimum-stability": "stable",
    "stability-flags": [],
    "prefer-stable": false,
    "prefer-lowest": false,
    "platform": {
        "php": ">=5.3"
    },
    "platform-dev": [],
    "plugin-api-version": "2.3.0"
}
